
Microsoft Visual Studio Solution File, Format Version 12.00
# Visual Studio Version 17
VisualStudioVersion = 17.2.32526.322
MinimumVisualStudioVersion = 10.0.40219.1
Project("{8BC9CEB8-8B4A-11D0-8D11-00A0C91BC942}") = "HelloSocket", "Server\Server.vcxproj", "{4CB54078-4ABB-4167-80AE-CB6132765B04}"
EndProject
Project("{8BC9CEB8-8B4A-11D0-8D11-00A0C91BC942}") = "EasyTcpServer", "EasyTcpServer\EasyTcpServer.vcxproj", "{CA40EF29-41CB-4689-A01D-2025EFA0BC75}"
EndProject
Project("{8BC9CEB8-8B4A-11D0-8D11-00A0C91BC942}") = "EasyTcpClient", "EasyTcpClient\EasyTcpClient.vcxproj", "{4E7337BE-2603-40EE-BAAC-0F32F258F375}"
EndProject
Project("{8BC9CEB8-8B4A-11D0-8D11-00A0C91BC942}") = "HelloThread", "HelloThread\HelloThread.vcxproj", "{CE1F2157-0F49-4922-BF01-C2553573F068}"
EndProject
Project("{8BC9CEB8-8B4A-11D0-8D11-00A0C91BC942}") = "HelloMemory", "HelloMemory\HelloMemory.vcxproj", "{77C7E3BC-D37B-4D11-BEB3-36DB460D291B}"
EndProject
Project("{8BC9CEB8-8B4A-11D0-8D11-00A0C91BC942}") = "CommonUtility", "CommonUtility\CommonUtility.vcxproj", "{9E729821-1CDD-4911-AAD5-35B3AF6D5AFE}"
EndProject
Project("{8BC9CEB8-8B4A-11D0-8D11-00A0C91BC942}") = "Utility4Unity", "Utility4Unity\Utility4Unity.vcxproj", "{D36722C4-C935-440C-97FB-12398FE09ACE}"
EndProject
Project("{2150E333-8FDC-42A3-9474-1A3956D46DE8}") = "dll", "dll", "{597E664B-AA04-4059-9667-0FE000140772}"
EndProject
Project("{8BC9CEB8-8B4A-11D0-8D11-00A0C91BC942}") = "XUtility", "XUtility\XUtility.vcxproj", "{FF4C9588-3085-4083-9A8C-6730B266FA72}"
EndProject
Global
	GlobalSection(SolutionConfigurationPlatforms) = preSolution
		Debug|x64 = Debug|x64
		Debug|x86 = Debug|x86
		Release|x64 = Release|x64
		Release|x86 = Release|x86
	EndGlobalSection
	GlobalSection(ProjectConfigurationPlatforms) = postSolution
		{4CB54078-4ABB-4167-80AE-CB6132765B04}.Debug|x64.ActiveCfg = Debug|x64
		{4CB54078-4ABB-4167-80AE-CB6132765B04}.Debug|x64.Build.0 = Debug|x64
		{4CB54078-4ABB-4167-80AE-CB6132765B04}.Debug|x86.ActiveCfg = Debug|Win32
		{4CB54078-4ABB-4167-80AE-CB6132765B04}.Debug|x86.Build.0 = Debug|Win32
		{4CB54078-4ABB-4167-80AE-CB6132765B04}.Release|x64.ActiveCfg = Release|x64
		{4CB54078-4ABB-4167-80AE-CB6132765B04}.Release|x64.Build.0 = Release|x64
		{4CB54078-4ABB-4167-80AE-CB6132765B04}.Release|x86.ActiveCfg = Release|Win32
		{4CB54078-4ABB-4167-80AE-CB6132765B04}.Release|x86.Build.0 = Release|Win32
		{CA40EF29-41CB-4689-A01D-2025EFA0BC75}.Debug|x64.ActiveCfg = Debug|x64
		{CA40EF29-41CB-4689-A01D-2025EFA0BC75}.Debug|x64.Build.0 = Debug|x64
		{CA40EF29-41CB-4689-A01D-2025EFA0BC75}.Debug|x86.ActiveCfg = Debug|Win32
		{CA40EF29-41CB-4689-A01D-2025EFA0BC75}.Debug|x86.Build.0 = Debug|Win32
		{CA40EF29-41CB-4689-A01D-2025EFA0BC75}.Release|x64.ActiveCfg = Release|x64
		{CA40EF29-41CB-4689-A01D-2025EFA0BC75}.Release|x64.Build.0 = Release|x64
		{CA40EF29-41CB-4689-A01D-2025EFA0BC75}.Release|x86.ActiveCfg = Release|Win32
		{CA40EF29-41CB-4689-A01D-2025EFA0BC75}.Release|x86.Build.0 = Release|Win32
		{4E7337BE-2603-40EE-BAAC-0F32F258F375}.Debug|x64.ActiveCfg = Debug|x64
		{4E7337BE-2603-40EE-BAAC-0F32F258F375}.Debug|x64.Build.0 = Debug|x64
		{4E7337BE-2603-40EE-BAAC-0F32F258F375}.Debug|x86.ActiveCfg = Debug|Win32
		{4E7337BE-2603-40EE-BAAC-0F32F258F375}.Debug|x86.Build.0 = Debug|Win32
		{4E7337BE-2603-40EE-BAAC-0F32F258F375}.Release|x64.ActiveCfg = Release|x64
		{4E7337BE-2603-40EE-BAAC-0F32F258F375}.Release|x64.Build.0 = Release|x64
		{4E7337BE-2603-40EE-BAAC-0F32F258F375}.Release|x86.ActiveCfg = Release|Win32
		{4E7337BE-2603-40EE-BAAC-0F32F258F375}.Release|x86.Build.0 = Release|Win32
		{CE1F2157-0F49-4922-BF01-C2553573F068}.Debug|x64.ActiveCfg = Debug|x64
		{CE1F2157-0F49-4922-BF01-C2553573F068}.Debug|x64.Build.0 = Debug|x64
		{CE1F2157-0F49-4922-BF01-C2553573F068}.Debug|x86.ActiveCfg = Debug|Win32
		{CE1F2157-0F49-4922-BF01-C2553573F068}.Debug|x86.Build.0 = Debug|Win32
		{CE1F2157-0F49-4922-BF01-C2553573F068}.Release|x64.ActiveCfg = Release|x64
		{CE1F2157-0F49-4922-BF01-C2553573F068}.Release|x64.Build.0 = Release|x64
		{CE1F2157-0F49-4922-BF01-C2553573F068}.Release|x86.ActiveCfg = Release|Win32
		{CE1F2157-0F49-4922-BF01-C2553573F068}.Release|x86.Build.0 = Release|Win32
		{77C7E3BC-D37B-4D11-BEB3-36DB460D291B}.Debug|x64.ActiveCfg = Debug|x64
		{77C7E3BC-D37B-4D11-BEB3-36DB460D291B}.Debug|x64.Build.0 = Debug|x64
		{77C7E3BC-D37B-4D11-BEB3-36DB460D291B}.Debug|x86.ActiveCfg = Debug|Win32
		{77C7E3BC-D37B-4D11-BEB3-36DB460D291B}.Debug|x86.Build.0 = Debug|Win32
		{77C7E3BC-D37B-4D11-BEB3-36DB460D291B}.Release|x64.ActiveCfg = Release|x64
		{77C7E3BC-D37B-4D11-BEB3-36DB460D291B}.Release|x64.Build.0 = Release|x64
		{77C7E3BC-D37B-4D11-BEB3-36DB460D291B}.Release|x86.ActiveCfg = Release|Win32
		{77C7E3BC-D37B-4D11-BEB3-36DB460D291B}.Release|x86.Build.0 = Release|Win32
		{9E729821-1CDD-4911-AAD5-35B3AF6D5AFE}.Debug|x64.ActiveCfg = Debug|x64
		{9E729821-1CDD-4911-AAD5-35B3AF6D5AFE}.Debug|x64.Build.0 = Debug|x64
		{9E729821-1CDD-4911-AAD5-35B3AF6D5AFE}.Debug|x86.ActiveCfg = Debug|Win32
		{9E729821-1CDD-4911-AAD5-35B3AF6D5AFE}.Debug|x86.Build.0 = Debug|Win32
		{9E729821-1CDD-4911-AAD5-35B3AF6D5AFE}.Release|x64.ActiveCfg = Release|x64
		{9E729821-1CDD-4911-AAD5-35B3AF6D5AFE}.Release|x64.Build.0 = Release|x64
		{9E729821-1CDD-4911-AAD5-35B3AF6D5AFE}.Release|x86.ActiveCfg = Release|Win32
		{9E729821-1CDD-4911-AAD5-35B3AF6D5AFE}.Release|x86.Build.0 = Release|Win32
		{D36722C4-C935-440C-97FB-12398FE09ACE}.Debug|x64.ActiveCfg = Debug|x64
		{D36722C4-C935-440C-97FB-12398FE09ACE}.Debug|x64.Build.0 = Debug|x64
		{D36722C4-C935-440C-97FB-12398FE09ACE}.Debug|x86.ActiveCfg = Debug|Win32
		{D36722C4-C935-440C-97FB-12398FE09ACE}.Debug|x86.Build.0 = Debug|Win32
		{D36722C4-C935-440C-97FB-12398FE09ACE}.Release|x64.ActiveCfg = Release|x64
		{D36722C4-C935-440C-97FB-12398FE09ACE}.Release|x64.Build.0 = Release|x64
		{D36722C4-C935-440C-97FB-12398FE09ACE}.Release|x86.ActiveCfg = Release|Win32
		{D36722C4-C935-440C-97FB-12398FE09ACE}.Release|x86.Build.0 = Release|Win32
		{FF4C9588-3085-4083-9A8C-6730B266FA72}.Debug|x64.ActiveCfg = Debug|x64
		{FF4C9588-3085-4083-9A8C-6730B266FA72}.Debug|x64.Build.0 = Debug|x64
		{FF4C9588-3085-4083-9A8C-6730B266FA72}.Debug|x86.ActiveCfg = Debug|Win32
		{FF4C9588-3085-4083-9A8C-6730B266FA72}.Debug|x86.Build.0 = Debug|Win32
		{FF4C9588-3085-4083-9A8C-6730B266FA72}.Release|x64.ActiveCfg = Release|x64
		{FF4C9588-3085-4083-9A8C-6730B266FA72}.Release|x64.Build.0 = Release|x64
		{FF4C9588-3085-4083-9A8C-6730B266FA72}.Release|x86.ActiveCfg = Release|Win32
		{FF4C9588-3085-4083-9A8C-6730B266FA72}.Release|x86.Build.0 = Release|Win32
	EndGlobalSection
	GlobalSection(SolutionProperties) = preSolution
		HideSolutionNode = FALSE
	EndGlobalSection
	GlobalSection(NestedProjects) = preSolution
		{9E729821-1CDD-4911-AAD5-35B3AF6D5AFE} = {597E664B-AA04-4059-9667-0FE000140772}
		{D36722C4-C935-440C-97FB-12398FE09ACE} = {597E664B-AA04-4059-9667-0FE000140772}
		{FF4C9588-3085-4083-9A8C-6730B266FA72} = {597E664B-AA04-4059-9667-0FE000140772}
	EndGlobalSection
	GlobalSection(ExtensibilityGlobals) = postSolution
		SolutionGuid = {B037C68D-5C47-4E67-8722-6A90F8A1BFC1}
	EndGlobalSection
EndGlobal
